
Microsoft Visual Studio Solution File, Format Version 12.00
# Visual Studio Version 17
VisualStudioVersion = 17.9.34714.143
MinimumVisualStudioVersion = 10.0.40219.1
Project("{2150E333-8FDC-42A3-9474-1A3956D46DE8}") = "src", "src", "{00EE18C9-D4E7-45C2-AD33-C28E3BFC78B1}"
EndProject
Project("{2150E333-8FDC-42A3-9474-1A3956D46DE8}") = "Core", "Core", "{595EC749-AFA9-44F0-99AE-DE359E3E8ED0}"
EndProject
Project("{2150E333-8FDC-42A3-9474-1A3956D46DE8}") = "API", "API", "{0CB7CC02-A677-436E-A7AD-7ECB70B64AA4}"
EndProject
Project("{2150E333-8FDC-42A3-9474-1A3956D46DE8}") = "Infrastructure", "Infrastructure", "{A8110F4C-4A09-43D0-9337-95BD72D27891}"
EndProject
Project("{2150E333-8FDC-42A3-9474-1A3956D46DE8}") = "Test", "Test", "{74BF71AF-BB68-4A03-ACE8-4CA0E255051D}"
EndProject
Project("{FAE04EC0-301F-11D3-BF4B-00C04F79EFBC}") = "Infrastructure", "Infrastructure\Infrastructure.csproj", "{C68926D7-D013-4F84-B065-7F70D7937FDA}"
EndProject
Project("{FAE04EC0-301F-11D3-BF4B-00C04F79EFBC}") = "Application", "Application\Application.csproj", "{F34B881F-067F-4500-B8D1-8D59EFC9F923}"
EndProject
Project("{FAE04EC0-301F-11D3-BF4B-00C04F79EFBC}") = "Models", "Models\Models.csproj", "{60513B6D-D0AE-4CB3-B91D-B3E4B3BDDC05}"
EndProject
Project("{FAE04EC0-301F-11D3-BF4B-00C04F79EFBC}") = "WebApi", "WebApi\WebApi.csproj", "{58B6FB26-A58B-4698-91CE-C083E51A898D}"
EndProject
Global
	GlobalSection(SolutionConfigurationPlatforms) = preSolution
		Debug|Any CPU = Debug|Any CPU
		Release|Any CPU = Release|Any CPU
	EndGlobalSection
	GlobalSection(ProjectConfigurationPlatforms) = postSolution
		{C68926D7-D013-4F84-B065-7F70D7937FDA}.Debug|Any CPU.ActiveCfg = Debug|Any CPU
		{C68926D7-D013-4F84-B065-7F70D7937FDA}.Debug|Any CPU.Build.0 = Debug|Any CPU
		{C68926D7-D013-4F84-B065-7F70D7937FDA}.Release|Any CPU.ActiveCfg = Release|Any CPU
		{C68926D7-D013-4F84-B065-7F70D7937FDA}.Release|Any CPU.Build.0 = Release|Any CPU
		{F34B881F-067F-4500-B8D1-8D59EFC9F923}.Debug|Any CPU.ActiveCfg = Debug|Any CPU
		{F34B881F-067F-4500-B8D1-8D59EFC9F923}.Debug|Any CPU.Build.0 = Debug|Any CPU
		{F34B881F-067F-4500-B8D1-8D59EFC9F923}.Release|Any CPU.ActiveCfg = Release|Any CPU
		{F34B881F-067F-4500-B8D1-8D59EFC9F923}.Release|Any CPU.Build.0 = Release|Any CPU
		{60513B6D-D0AE-4CB3-B91D-B3E4B3BDDC05}.Debug|Any CPU.ActiveCfg = Debug|Any CPU
		{60513B6D-D0AE-4CB3-B91D-B3E4B3BDDC05}.Debug|Any CPU.Build.0 = Debug|Any CPU
		{60513B6D-D0AE-4CB3-B91D-B3E4B3BDDC05}.Release|Any CPU.ActiveCfg = Release|Any CPU
		{60513B6D-D0AE-4CB3-B91D-B3E4B3BDDC05}.Release|Any CPU.Build.0 = Release|Any CPU
		{58B6FB26-A58B-4698-91CE-C083E51A898D}.Debug|Any CPU.ActiveCfg = Debug|Any CPU
		{58B6FB26-A58B-4698-91CE-C083E51A898D}.Debug|Any CPU.Build.0 = Debug|Any CPU
		{58B6FB26-A58B-4698-91CE-C083E51A898D}.Release|Any CPU.ActiveCfg = Release|Any CPU
		{58B6FB26-A58B-4698-91CE-C083E51A898D}.Release|Any CPU.Build.0 = Release|Any CPU
	EndGlobalSection
	GlobalSection(SolutionProperties) = preSolution
		HideSolutionNode = FALSE
	EndGlobalSection
	GlobalSection(NestedProjects) = preSolution
		{595EC749-AFA9-44F0-99AE-DE359E3E8ED0} = {00EE18C9-D4E7-45C2-AD33-C28E3BFC78B1}
		{0CB7CC02-A677-436E-A7AD-7ECB70B64AA4} = {00EE18C9-D4E7-45C2-AD33-C28E3BFC78B1}
		{A8110F4C-4A09-43D0-9337-95BD72D27891} = {00EE18C9-D4E7-45C2-AD33-C28E3BFC78B1}
		{74BF71AF-BB68-4A03-ACE8-4CA0E255051D} = {00EE18C9-D4E7-45C2-AD33-C28E3BFC78B1}
		{C68926D7-D013-4F84-B065-7F70D7937FDA} = {A8110F4C-4A09-43D0-9337-95BD72D27891}
		{F34B881F-067F-4500-B8D1-8D59EFC9F923} = {595EC749-AFA9-44F0-99AE-DE359E3E8ED0}
		{60513B6D-D0AE-4CB3-B91D-B3E4B3BDDC05} = {595EC749-AFA9-44F0-99AE-DE359E3E8ED0}
		{58B6FB26-A58B-4698-91CE-C083E51A898D} = {0CB7CC02-A677-436E-A7AD-7ECB70B64AA4}
	EndGlobalSection
	GlobalSection(ExtensibilityGlobals) = postSolution
		SolutionGuid = {7B7CA3C2-B6E3-4A18-9D3E-14A359D89954}
	EndGlobalSection
EndGlobal
